
Microsoft Visual Studio Solution File, Format Version 12.00
# Visual Studio Version 17
VisualStudioVersion = 17.2.32516.85
MinimumVisualStudioVersion = 10.0.40219.1
Project("{FAE04EC0-301F-11D3-BF4B-00C04F79EFBC}") = "Healthy Eating App", "Healthy Eating App\Healthy Eating App.csproj", "{BCA9AE60-4E2A-407D-BA7A-0D127DE72CF1}"
EndProject
Global
	GlobalSection(SolutionConfigurationPlatforms) = preSolution
		Debug|Any CPU = Debug|Any CPU
		Release|Any CPU = Release|Any CPU
	EndGlobalSection
	GlobalSection(ProjectConfigurationPlatforms) = postSolution
		{BCA9AE60-4E2A-407D-BA7A-0D127DE72CF1}.Debug|Any CPU.ActiveCfg = Debug|Any CPU
		{BCA9AE60-4E2A-407D-BA7A-0D127DE72CF1}.Debug|Any CPU.Build.0 = Debug|Any CPU
		{BCA9AE60-4E2A-407D-BA7A-0D127DE72CF1}.Release|Any CPU.ActiveCfg = Release|Any CPU
		{BCA9AE60-4E2A-407D-BA7A-0D127DE72CF1}.Release|Any CPU.Build.0 = Release|Any CPU
	EndGlobalSection
	GlobalSection(SolutionProperties) = preSolution
		HideSolutionNode = FALSE
	EndGlobalSection
	GlobalSection(ExtensibilityGlobals) = postSolution
		SolutionGuid = {E2C750B4-0609-49CA-B72F-312EE15CB7C7}
	EndGlobalSection
EndGlobal
